// !$*UTF8*$!
{
	archiveVersion = 1;
	classes = {
	};
	objectVersion = 46;
	objects = {

/* Begin PBXBuildFile section */
		A432F9021AB1543800BE4AF5 /* NextFitSwapping.cpp in Sources */ = {isa = PBXBuildFile; fileRef = A432F9001AB1543800BE4AF5 /* NextFitSwapping.cpp */; };
		A457E7F01AA982C7002C29C3 /* main.cpp in Sources */ = {isa = PBXBuildFile; fileRef = A457E7EF1AA982C7002C29C3 /* main.cpp */; };
		A457E7F91AA9880C002C29C3 /* MainMemory.cpp in Sources */ = {isa = PBXBuildFile; fileRef = A457E7F71AA9880C002C29C3 /* MainMemory.cpp */; };
		A457E7FC1AA98B5A002C29C3 /* Process.cpp in Sources */ = {isa = PBXBuildFile; fileRef = A457E7FA1AA98B5A002C29C3 /* Process.cpp */; };
		A49ACF3D1AAFD13500FA6BA2 /* Partition.cpp in Sources */ = {isa = PBXBuildFile; fileRef = A49ACF3B1AAFD13500FA6BA2 /* Partition.cpp */; };
		A4AD12081AAD789800D3EF3B /* Swapping.cpp in Sources */ = {isa = PBXBuildFile; fileRef = A4AD12061AAD789800D3EF3B /* Swapping.cpp */; };
		A4AD120B1AAD78E500D3EF3B /* Paging.cpp in Sources */ = {isa = PBXBuildFile; fileRef = A4AD12091AAD78E500D3EF3B /* Paging.cpp */; };
		F8A56AA91AB01F2C00BED1F9 /* bestfit.cpp in Sources */ = {isa = PBXBuildFile; fileRef = F8A56AA71AB01F2C00BED1F9 /* bestfit.cpp */; };
/* End PBXBuildFile section */

/* Begin PBXCopyFilesBuildPhase section */
		A457E7EA1AA982C7002C29C3 /* CopyFiles */ = {
			isa = PBXCopyFilesBuildPhase;
			buildActionMask = 2147483647;
			dstPath = /usr/share/man/man1/;
			dstSubfolderSpec = 0;
			files = (
			);
			runOnlyForDeploymentPostprocessing = 1;
		};
/* End PBXCopyFilesBuildPhase section */

/* Begin PBXFileReference section */
		A432F9001AB1543800BE4AF5 /* NextFitSwapping.cpp */ = {isa = PBXFileReference; fileEncoding = 4; lastKnownFileType = sourcecode.cpp.cpp; path = NextFitSwapping.cpp; sourceTree = "<group>"; };
		A432F9011AB1543800BE4AF5 /* NextFitSwapping.h */ = {isa = PBXFileReference; fileEncoding = 4; lastKnownFileType = sourcecode.c.h; path = NextFitSwapping.h; sourceTree = "<group>"; };
		A457E7EC1AA982C7002C29C3 /* Assignment 4 */ = {isa = PBXFileReference; explicitFileType = "compiled.mach-o.executable"; includeInIndex = 0; path = "Assignment 4"; sourceTree = BUILT_PRODUCTS_DIR; };
		A457E7EF1AA982C7002C29C3 /* main.cpp */ = {isa = PBXFileReference; lastKnownFileType = sourcecode.cpp.cpp; path = main.cpp; sourceTree = "<group>"; };
		A457E7F61AA9872B002C29C3 /* SystemHeaders.h */ = {isa = PBXFileReference; explicitFileType = sourcecode.cpp.h; fileEncoding = 4; path = SystemHeaders.h; sourceTree = "<group>"; };
		A457E7F71AA9880C002C29C3 /* MainMemory.cpp */ = {isa = PBXFileReference; fileEncoding = 4; lastKnownFileType = sourcecode.cpp.cpp; path = MainMemory.cpp; sourceTree = "<group>"; };
		A457E7F81AA9880C002C29C3 /* MainMemory.h */ = {isa = PBXFileReference; fileEncoding = 4; lastKnownFileType = sourcecode.c.h; path = MainMemory.h; sourceTree = "<group>"; };
		A457E7FA1AA98B5A002C29C3 /* Process.cpp */ = {isa = PBXFileReference; fileEncoding = 4; lastKnownFileType = sourcecode.cpp.cpp; path = Process.cpp; sourceTree = "<group>"; };
		A457E7FB1AA98B5A002C29C3 /* Process.h */ = {isa = PBXFileReference; fileEncoding = 4; lastKnownFileType = sourcecode.c.h; path = Process.h; sourceTree = "<group>"; };
		A49ACF3B1AAFD13500FA6BA2 /* Partition.cpp */ = {isa = PBXFileReference; fileEncoding = 4; lastKnownFileType = sourcecode.cpp.cpp; path = Partition.cpp; sourceTree = "<group>"; };
		A49ACF3C1AAFD13500FA6BA2 /* Partition.h */ = {isa = PBXFileReference; fileEncoding = 4; lastKnownFileType = sourcecode.c.h; path = Partition.h; sourceTree = "<group>"; };
		A4AD12061AAD789800D3EF3B /* Swapping.cpp */ = {isa = PBXFileReference; fileEncoding = 4; lastKnownFileType = sourcecode.cpp.cpp; path = Swapping.cpp; sourceTree = "<group>"; };
		A4AD12071AAD789800D3EF3B /* Swapping.h */ = {isa = PBXFileReference; fileEncoding = 4; lastKnownFileType = sourcecode.c.h; path = Swapping.h; sourceTree = "<group>"; };
		A4AD12091AAD78E500D3EF3B /* Paging.cpp */ = {isa = PBXFileReference; fileEncoding = 4; lastKnownFileType = sourcecode.cpp.cpp; path = Paging.cpp; sourceTree = "<group>"; };
		A4AD120A1AAD78E500D3EF3B /* Paging.h */ = {isa = PBXFileReference; fileEncoding = 4; lastKnownFileType = sourcecode.c.h; path = Paging.h; sourceTree = "<group>"; };
		F8A56AA71AB01F2C00BED1F9 /* bestfit.cpp */ = {isa = PBXFileReference; fileEncoding = 4; lastKnownFileType = sourcecode.cpp.cpp; path = bestfit.cpp; sourceTree = "<group>"; };
		F8A56AA81AB01F2C00BED1F9 /* bestfit.h */ = {isa = PBXFileReference; fileEncoding = 4; lastKnownFileType = sourcecode.c.h; path = bestfit.h; sourceTree = "<group>"; };
/* End PBXFileReference section */

/* Begin PBXFrameworksBuildPhase section */
		A457E7E91AA982C7002C29C3 /* Frameworks */ = {
			isa = PBXFrameworksBuildPhase;
			buildActionMask = 2147483647;
			files = (
			);
			runOnlyForDeploymentPostprocessing = 0;
		};
/* End PBXFrameworksBuildPhase section */

/* Begin PBXGroup section */
		A457E7E31AA982C7002C29C3 = {
			isa = PBXGroup;
			children = (
				A457E7EE1AA982C7002C29C3 /* Assignment 4 */,
				A457E7ED1AA982C7002C29C3 /* Products */,
			);
			sourceTree = "<group>";
		};
		A457E7ED1AA982C7002C29C3 /* Products */ = {
			isa = PBXGroup;
			children = (
				A457E7EC1AA982C7002C29C3 /* Assignment 4 */,
			);
			name = Products;
			sourceTree = "<group>";
		};
		A457E7EE1AA982C7002C29C3 /* Assignment 4 */ = {
			isa = PBXGroup;
			children = (
				A4DC41841AB179E100D35A0A /* Paging */,
				A4DC41831AB179C000D35A0A /* Swapping */,
				A457E7EF1AA982C7002C29C3 /* main.cpp */,
				A457E7F61AA9872B002C29C3 /* SystemHeaders.h */,
			);
			path = "Assignment 4";
			sourceTree = "<group>";
		};
		A4DC41831AB179C000D35A0A /* Swapping */ = {
			isa = PBXGroup;
			children = (
				A432F9001AB1543800BE4AF5 /* NextFitSwapping.cpp */,
				A432F9011AB1543800BE4AF5 /* NextFitSwapping.h */,
				F8A56AA71AB01F2C00BED1F9 /* bestfit.cpp */,
				F8A56AA81AB01F2C00BED1F9 /* bestfit.h */,
				A457E7FA1AA98B5A002C29C3 /* Process.cpp */,
				A49ACF3B1AAFD13500FA6BA2 /* Partition.cpp */,
				A49ACF3C1AAFD13500FA6BA2 /* Partition.h */,
				A457E7F71AA9880C002C29C3 /* MainMemory.cpp */,
				A457E7F81AA9880C002C29C3 /* MainMemory.h */,
				A457E7FB1AA98B5A002C29C3 /* Process.h */,
				A4AD12061AAD789800D3EF3B /* Swapping.cpp */,
				A4AD12071AAD789800D3EF3B /* Swapping.h */,
			);
			name = Swapping;
			sourceTree = "<group>";
		};
		A4DC41841AB179E100D35A0A /* Paging */ = {
			isa = PBXGroup;
			children = (
				A4AD12091AAD78E500D3EF3B /* Paging.cpp */,
				A4AD120A1AAD78E500D3EF3B /* Paging.h */,
			);
			name = Paging;
			sourceTree = "<group>";
		};
/* End PBXGroup section */

/* Begin PBXNativeTarget section */
		A457E7EB1AA982C7002C29C3 /* Assignment 4 */ = {
			isa = PBXNativeTarget;
			buildConfigurationList = A457E7F31AA982C7002C29C3 /* Build configuration list for PBXNativeTarget "Assignment 4" */;
			buildPhases = (
				A457E7E81AA982C7002C29C3 /* Sources */,
				A457E7E91AA982C7002C29C3 /* Frameworks */,
				A457E7EA1AA982C7002C29C3 /* CopyFiles */,
			);
			buildRules = (
			);
			dependencies = (
			);
			name = "Assignment 4";
			productName = "Assignment 4";
			productReference = A457E7EC1AA982C7002C29C3 /* Assignment 4 */;
			productType = "com.apple.product-type.tool";
		};
/* End PBXNativeTarget section */

/* Begin PBXProject section */
		A457E7E41AA982C7002C29C3 /* Project object */ = {
			isa = PBXProject;
			attributes = {
				LastUpgradeCheck = 0610;
				ORGANIZATIONNAME = "Lost Boys";
				TargetAttributes = {
					A457E7EB1AA982C7002C29C3 = {
						CreatedOnToolsVersion = 6.1.1;
					};
				};
			};
			buildConfigurationList = A457E7E71AA982C7002C29C3 /* Build configuration list for PBXProject "Assignment 4" */;
			compatibilityVersion = "Xcode 3.2";
			developmentRegion = English;
			hasScannedForEncodings = 0;
			knownRegions = (
				en,
			);
			mainGroup = A457E7E31AA982C7002C29C3;
			productRefGroup = A457E7ED1AA982C7002C29C3 /* Products */;
			projectDirPath = "";
			projectRoot = "";
			targets = (
				A457E7EB1AA982C7002C29C3 /* Assignment 4 */,
			);
		};
/* End PBXProject section */

/* Begin PBXSourcesBuildPhase section */
		A457E7E81AA982C7002C29C3 /* Sources */ = {
			isa = PBXSourcesBuildPhase;
			buildActionMask = 2147483647;
			files = (
				F8A56AA91AB01F2C00BED1F9 /* bestfit.cpp in Sources */,
				A49ACF3D1AAFD13500FA6BA2 /* Partition.cpp in Sources */,
				A457E7F01AA982C7002C29C3 /* main.cpp in Sources */,
				A457E7FC1AA98B5A002C29C3 /* Process.cpp in Sources */,
				A4AD12081AAD789800D3EF3B /* Swapping.cpp in Sources */,
				A457E7F91AA9880C002C29C3 /* MainMemory.cpp in Sources */,
				A4AD120B1AAD78E500D3EF3B /* Paging.cpp in Sources */,
				A432F9021AB1543800BE4AF5 /* NextFitSwapping.cpp in Sources */,
			);
			runOnlyForDeploymentPostprocessing = 0;
		};
/* End PBXSourcesBuildPhase section */

/* Begin XCBuildConfiguration section */
		A457E7F11AA982C7002C29C3 /* Debug */ = {
			isa = XCBuildConfiguration;
			buildSettings = {
				ALWAYS_SEARCH_USER_PATHS = NO;
				CLANG_CXX_LANGUAGE_STANDARD = "c++98";
				CLANG_CXX_LIBRARY = "libc++";
				CLANG_ENABLE_MODULES = YES;
				CLANG_ENABLE_OBJC_ARC = YES;
				CLANG_WARN_BOOL_CONVERSION = YES;
				CLANG_WARN_CONSTANT_CONVERSION = YES;
				CLANG_WARN_DIRECT_OBJC_ISA_USAGE = YES_ERROR;
				CLANG_WARN_EMPTY_BODY = YES;
				CLANG_WARN_ENUM_CONVERSION = YES;
				CLANG_WARN_INT_CONVERSION = YES;
				CLANG_WARN_OBJC_ROOT_CLASS = YES_ERROR;
				CLANG_WARN_UNREACHABLE_CODE = YES;
				CLANG_WARN__DUPLICATE_METHOD_MATCH = YES;
				COPY_PHASE_STRIP = NO;
				ENABLE_STRICT_OBJC_MSGSEND = YES;
				GCC_C_LANGUAGE_STANDARD = c99;
				GCC_DYNAMIC_NO_PIC = NO;
				GCC_OPTIMIZATION_LEVEL = 0;
				GCC_PREPROCESSOR_DEFINITIONS = (
					"DEBUG=1",
					"$(inherited)",
				);
				GCC_SYMBOLS_PRIVATE_EXTERN = NO;
				GCC_WARN_64_TO_32_BIT_CONVERSION = YES;
				GCC_WARN_ABOUT_RETURN_TYPE = YES_ERROR;
				GCC_WARN_UNDECLARED_SELECTOR = YES;
				GCC_WARN_UNINITIALIZED_AUTOS = YES_AGGRESSIVE;
				GCC_WARN_UNUSED_FUNCTION = YES;
				GCC_WARN_UNUSED_VARIABLE = YES;
				MACOSX_DEPLOYMENT_TARGET = 10.10;
				MTL_ENABLE_DEBUG_INFO = YES;
				ONLY_ACTIVE_ARCH = YES;
				SDKROOT = macosx;
			};
			name = Debug;
		};
		A457E7F21AA982C7002C29C3 /* Release */ = {
			isa = XCBuildConfiguration;
			buildSettings = {
				ALWAYS_SEARCH_USER_PATHS = NO;
				CLANG_CXX_LANGUAGE_STANDARD = "c++98";
				CLANG_CXX_LIBRARY = "libc++";
				CLANG_ENABLE_MODULES = YES;
				CLANG_ENABLE_OBJC_ARC = YES;
				CLANG_WARN_BOOL_CONVERSION = YES;
				CLANG_WARN_CONSTANT_CONVERSION = YES;
				CLANG_WARN_DIRECT_OBJC_ISA_USAGE = YES_ERROR;
				CLANG_WARN_EMPTY_BODY = YES;
				CLANG_WARN_ENUM_CONVERSION = YES;
				CLANG_WARN_INT_CONVERSION = YES;
				CLANG_WARN_OBJC_ROOT_CLASS = YES_ERROR;
				CLANG_WARN_UNREACHABLE_CODE = YES;
				CLANG_WARN__DUPLICATE_METHOD_MATCH = YES;
				COPY_PHASE_STRIP = YES;
				DEBUG_INFORMATION_FORMAT = "dwarf-with-dsym";
				ENABLE_NS_ASSERTIONS = NO;
				ENABLE_STRICT_OBJC_MSGSEND = YES;
				GCC_C_LANGUAGE_STANDARD = c99;
				GCC_WARN_64_TO_32_BIT_CONVERSION = YES;
				GCC_WARN_ABOUT_RETURN_TYPE = YES_ERROR;
				GCC_WARN_UNDECLARED_SELECTOR = YES;
				GCC_WARN_UNINITIALIZED_AUTOS = YES_AGGRESSIVE;
				GCC_WARN_UNUSED_FUNCTION = YES;
				GCC_WARN_UNUSED_VARIABLE = YES;
				MACOSX_DEPLOYMENT_TARGET = 10.10;
				MTL_ENABLE_DEBUG_INFO = NO;
				SDKROOT = macosx;
			};
			name = Release;
		};
		A457E7F41AA982C7002C29C3 /* Debug */ = {
			isa = XCBuildConfiguration;
			buildSettings = {
				PRODUCT_NAME = "$(TARGET_NAME)";
			};
			name = Debug;
		};
		A457E7F51AA982C7002C29C3 /* Release */ = {
			isa = XCBuildConfiguration;
			buildSettings = {
				PRODUCT_NAME = "$(TARGET_NAME)";
			};
			name = Release;
		};
/* End XCBuildConfiguration section */

/* Begin XCConfigurationList section */
		A457E7E71AA982C7002C29C3 /* Build configuration list for PBXProject "Assignment 4" */ = {
			isa = XCConfigurationList;
			buildConfigurations = (
				A457E7F11AA982C7002C29C3 /* Debug */,
				A457E7F21AA982C7002C29C3 /* Release */,
			);
			defaultConfigurationIsVisible = 0;
			defaultConfigurationName = Release;
		};
		A457E7F31AA982C7002C29C3 /* Build configuration list for PBXNativeTarget "Assignment 4" */ = {
			isa = XCConfigurationList;
			buildConfigurations = (
				A457E7F41AA982C7002C29C3 /* Debug */,
				A457E7F51AA982C7002C29C3 /* Release */,
			);
			defaultConfigurationIsVisible = 0;
			defaultConfigurationName = Release;
		};
/* End XCConfigurationList section */
	};
	rootObject = A457E7E41AA982C7002C29C3 /* Project object */;
}
